# This file is automatically @generated by Poetry 1.5.1 and should not be changed by hand.

[[package]]
name = "altgraph"
version = "0.17.4"
description = "Python graph (network) package"
optional = false
python-versions = "*"
files = [
    {file = "altgraph-0.17.4-py2.py3-none-any.whl", hash = "sha256:642743b4750de17e655e6711601b077bc6598dbfa3ba5fa2b2a35ce12b508dff"},
    {file = "altgraph-0.17.4.tar.gz", hash = "sha256:1b5afbb98f6c4dcadb2e2ae6ab9fa994bbb8c1d75f4fa96d340f9437ae454406"},
]

[[package]]
name = "certifi"
version = "2024.7.4"
description = "Python package for providing Mozilla's CA Bundle."
optional = false
python-versions = ">=3.6"
files = [
    {file = "certifi-2024.7.4-py3-none-any.whl", hash = "sha256:c198e21b1289c2ab85ee4e67bb4b4ef3ead0892059901a8d5b622f24a1101e90"},
    {file = "certifi-2024.7.4.tar.gz", hash = "sha256:5a1e7645bc0ec61a09e26c36f6106dd4cf40c6db3a1fb6352b0244e7fb057c7b"},
]

[[package]]
name = "charset-normalizer"
version = "3.3.2"
description = "The Real First Universal Charset Detector. Open, modern and actively maintained alternative to Chardet."
optional = false
python-versions = ">=3.7.0"
files = [
    {file = "charset-normalizer-3.3.2.tar.gz", hash = "sha256:f30c3cb33b24454a82faecaf01b19c18562b1e89558fb6c56de4d9118a032fd5"},
    {file = "charset_normalizer-3.3.2-cp310-cp310-macosx_10_9_universal2.whl", hash = "sha256:25baf083bf6f6b341f4121c2f3c548875ee6f5339300e08be3f2b2ba1721cdd3"},
    {file = "charset_normalizer-3.3.2-cp310-cp310-macosx_10_9_x86_64.whl", hash = "sha256:06435b539f889b1f6f4ac1758871aae42dc3a8c0e24ac9e60c2384973ad73027"},
    {file = "charset_normalizer-3.3.2-cp310-cp310-macosx_11_0_arm64.whl", hash = "sha256:9063e24fdb1e498ab71cb7419e24622516c4a04476b17a2dab57e8baa30d6e03"},
    {file = "charset_normalizer-3.3.2-cp310-cp310-manylinux_2_17_aarch64.manylinux2014_aarch64.whl", hash = "sha256:6897af51655e3691ff853668779c7bad41579facacf5fd7253b0133308cf000d"},
    {file = "charset_normalizer-3.3.2-cp310-cp310-manylinux_2_17_ppc64le.manylinux2014_ppc64le.whl", hash = "sha256:1d3193f4a680c64b4b6a9115943538edb896edc190f0b222e73761716519268e"},
    {file = "charset_normalizer-3.3.2-cp310-cp310-manylinux_2_17_s390x.manylinux2014_s390x.whl", hash = "sha256:cd70574b12bb8a4d2aaa0094515df2463cb429d8536cfb6c7ce983246983e5a6"},
    {file = "charset_normalizer-3.3.2-cp310-cp310-manylinux_2_17_x86_64.manylinux2014_x86_64.whl", hash = "sha256:8465322196c8b4d7ab6d1e049e4c5cb460d0394da4a27d23cc242fbf0034b6b5"},
    {file = "charset_normalizer-3.3.2-cp310-cp310-manylinux_2_5_i686.manylinux1_i686.manylinux_2_17_i686.manylinux2014_i686.whl", hash = "sha256:a9a8e9031d613fd2009c182b69c7b2c1ef8239a0efb1df3f7c8da66d5dd3d537"},
    {file = "charset_normalizer-3.3.2-cp310-cp310-musllinux_1_1_aarch64.whl", hash = "sha256:beb58fe5cdb101e3a055192ac291b7a21e3b7ef4f67fa1d74e331a7f2124341c"},
    {file = "charset_normalizer-3.3.2-cp310-cp310-musllinux_1_1_i686.whl", hash = "sha256:e06ed3eb3218bc64786f7db41917d4e686cc4856944f53d5bdf83a6884432e12"},
    {file = "charset_normalizer-3.3.2-cp310-cp310-musllinux_1_1_ppc64le.whl", hash = "sha256:2e81c7b9c8979ce92ed306c249d46894776a909505d8f5a4ba55b14206e3222f"},
    {file = "charset_normalizer-3.3.2-cp310-cp310-musllinux_1_1_s390x.whl", hash = "sha256:572c3763a264ba47b3cf708a44ce965d98555f618ca42c926a9c1616d8f34269"},
    {file = "charset_normalizer-3.3.2-cp310-cp310-musllinux_1_1_x86_64.whl", hash = "sha256:fd1abc0d89e30cc4e02e4064dc67fcc51bd941eb395c502aac3ec19fab46b519"},
    {file = "charset_normalizer-3.3.2-cp310-cp310-win32.whl", hash = "sha256:3d47fa203a7bd9c5b6cee4736ee84ca03b8ef23193c0d1ca99b5089f72645c73"},
    {file = "charset_normalizer-3.3.2-cp310-cp310-win_amd64.whl", hash = "sha256:10955842570876604d404661fbccbc9c7e684caf432c09c715ec38fbae45ae09"},
    {file = "charset_normalizer-3.3.2-cp311-cp311-macosx_10_9_universal2.whl", hash = "sha256:802fe99cca7457642125a8a88a084cef28ff0cf9407060f7b93dca5aa25480db"},
    {file = "charset_normalizer-3.3.2-cp311-cp311-macosx_10_9_x86_64.whl", hash = "sha256:573f6eac48f4769d667c4442081b1794f52919e7edada77495aaed9236d13a96"},
    {file = "charset_normalizer-3.3.2-cp311-cp311-macosx_11_0_arm64.whl", hash = "sha256:549a3a73da901d5bc3ce8d24e0600d1fa85524c10287f6004fbab87672bf3e1e"},
    {file = "charset_normalizer-3.3.2-cp311-cp311-manylinux_2_17_aarch64.manylinux2014_aarch64.whl", hash = "sha256:f27273b60488abe721a075bcca6d7f3964f9f6f067c8c4c605743023d7d3944f"},
    {file = "charset_normalizer-3.3.2-cp311-cp311-manylinux_2_17_ppc64le.manylinux2014_ppc64le.whl", hash = "sha256:1ceae2f17a9c33cb48e3263960dc5fc8005351ee19db217e9b1bb15d28c02574"},
    {file = "charset_normalizer-3.3.2-cp311-cp311-manylinux_2_17_s390x.manylinux2014_s390x.whl", hash = "sha256:65f6f63034100ead094b8744b3b97965785388f308a64cf8d7c34f2f2e5be0c4"},
    {file = "charset_normalizer-3.3.2-cp311-cp311-manylinux_2_17_x86_64.manylinux2014_x86_64.whl", hash = "sha256:753f10e867343b4511128c6ed8c82f7bec3bd026875576dfd88483c5c73b2fd8"},
    {file = "charset_normalizer-3.3.2-cp311-cp311-manylinux_2_5_i686.manylinux1_i686.manylinux_2_17_i686.manylinux2014_i686.whl", hash = "sha256:4a78b2b446bd7c934f5dcedc588903fb2f5eec172f3d29e52a9096a43722adfc"},
    {file = "charset_normalizer-3.3.2-cp311-cp311-musllinux_1_1_aarch64.whl", hash = "sha256:e537484df0d8f426ce2afb2d0f8e1c3d0b114b83f8850e5f2fbea0e797bd82ae"},
    {file = "charset_normalizer-3.3.2-cp311-cp311-musllinux_1_1_i686.whl", hash = "sha256:eb6904c354526e758fda7167b33005998fb68c46fbc10e013ca97f21ca5c8887"},
    {file = "charset_normalizer-3.3.2-cp311-cp311-musllinux_1_1_ppc64le.whl", hash = "sha256:deb6be0ac38ece9ba87dea880e438f25ca3eddfac8b002a2ec3d9183a454e8ae"},
    {file = "charset_normalizer-3.3.2-cp311-cp311-musllinux_1_1_s390x.whl", hash = "sha256:4ab2fe47fae9e0f9dee8c04187ce5d09f48eabe611be8259444906793ab7cbce"},
    {file = "charset_normalizer-3.3.2-cp311-cp311-musllinux_1_1_x86_64.whl", hash = "sha256:80402cd6ee291dcb72644d6eac93785fe2c8b9cb30893c1af5b8fdd753b9d40f"},
    {file = "charset_normalizer-3.3.2-cp311-cp311-win32.whl", hash = "sha256:7cd13a2e3ddeed6913a65e66e94b51d80a041145a026c27e6bb76c31a853c6ab"},
    {file = "charset_normalizer-3.3.2-cp311-cp311-win_amd64.whl", hash = "sha256:663946639d296df6a2bb2aa51b60a2454ca1cb29835324c640dafb5ff2131a77"},
    {file = "charset_normalizer-3.3.2-cp312-cp312-macosx_10_9_universal2.whl", hash = "sha256:0b2b64d2bb6d3fb9112bafa732def486049e63de9618b5843bcdd081d8144cd8"},
    {file = "charset_normalizer-3.3.2-cp312-cp312-macosx_10_9_x86_64.whl", hash = "sha256:ddbb2551d7e0102e7252db79ba445cdab71b26640817ab1e3e3648dad515003b"},
    {file = "charset_normalizer-3.3.2-cp312-cp312-macosx_11_0_arm64.whl", hash = "sha256:55086ee1064215781fff39a1af09518bc9255b50d6333f2e4c74ca09fac6a8f6"},
    {file = "charset_normalizer-3.3.2-cp312-cp312-manylinux_2_17_aarch64.manylinux2014_aarch64.whl", hash = "sha256:8f4a014bc36d3c57402e2977dada34f9c12300af536839dc38c0beab8878f38a"},
    {file = "charset_normalizer-3.3.2-cp312-cp312-manylinux_2_17_ppc64le.manylinux2014_ppc64le.whl", hash = "sha256:a10af20b82360ab00827f916a6058451b723b4e65030c5a18577c8b2de5b3389"},
    {file = "charset_normalizer-3.3.2-cp312-cp312-manylinux_2_17_s390x.manylinux2014_s390x.whl", hash = "sha256:8d756e44e94489e49571086ef83b2bb8ce311e730092d2c34ca8f7d925cb20aa"},
    {file = "charset_normalizer-3.3.2-cp312-cp312-manylinux_2_17_x86_64.manylinux2014_x86_64.whl", hash = "sha256:90d558489962fd4918143277a773316e56c72da56ec7aa3dc3dbbe20fdfed15b"},
    {file = "charset_normalizer-3.3.2-cp312-cp312-manylinux_2_5_i686.manylinux1_i686.manylinux_2_17_i686.manylinux2014_i686.whl", hash = "sha256:6ac7ffc7ad6d040517be39eb591cac5ff87416c2537df6ba3cba3bae290c0fed"},
    {file = "charset_normalizer-3.3.2-cp312-cp312-musllinux_1_1_aarch64.whl", hash = "sha256:7ed9e526742851e8d5cc9e6cf41427dfc6068d4f5a3bb03659444b4cabf6bc26"},
    {file = "charset_normalizer-3.3.2-cp312-cp312-musllinux_1_1_i686.whl", hash = "sha256:8bdb58ff7ba23002a4c5808d608e4e6c687175724f54a5dade5fa8c67b604e4d"},
    {file = "charset_normalizer-3.3.2-cp312-cp312-musllinux_1_1_ppc64le.whl", hash = "sha256:6b3251890fff30ee142c44144871185dbe13b11bab478a88887a639655be1068"},
    {file = "charset_normalizer-3.3.2-cp312-cp312-musllinux_1_1_s390x.whl", hash = "sha256:b4a23f61ce87adf89be746c8a8974fe1c823c891d8f86eb218bb957c924bb143"},
    {file = "charset_normalizer-3.3.2-cp312-cp312-musllinux_1_1_x86_64.whl", hash = "sha256:efcb3f6676480691518c177e3b465bcddf57cea040302f9f4e6e191af91174d4"},
    {file = "charset_normalizer-3.3.2-cp312-cp312-win32.whl", hash = "sha256:d965bba47ddeec8cd560687584e88cf699fd28f192ceb452d1d7ee807c5597b7"},
    {file = "charset_normalizer-3.3.2-cp312-cp312-win_amd64.whl", hash = "sha256:96b02a3dc4381e5494fad39be677abcb5e6634bf7b4fa83a6dd3112607547001"},
    {file = "charset_normalizer-3.3.2-cp37-cp37m-macosx_10_9_x86_64.whl", hash = "sha256:95f2a5796329323b8f0512e09dbb7a1860c46a39da62ecb2324f116fa8fdc85c"},
    {file = "charset_normalizer-3.3.2-cp37-cp37m-manylinux_2_17_aarch64.manylinux2014_aarch64.whl", hash = "sha256:c002b4ffc0be611f0d9da932eb0f704fe2602a9a949d1f738e4c34c75b0863d5"},
    {file = "charset_normalizer-3.3.2-cp37-cp37m-manylinux_2_17_ppc64le.manylinux2014_ppc64le.whl", hash = "sha256:a981a536974bbc7a512cf44ed14938cf01030a99e9b3a06dd59578882f06f985"},
    {file = "charset_normalizer-3.3.2-cp37-cp37m-manylinux_2_17_s390x.manylinux2014_s390x.whl", hash = "sha256:3287761bc4ee9e33561a7e058c72ac0938c4f57fe49a09eae428fd88aafe7bb6"},
    {file = "charset_normalizer-3.3.2-cp37-cp37m-manylinux_2_17_x86_64.manylinux2014_x86_64.whl", hash = "sha256:42cb296636fcc8b0644486d15c12376cb9fa75443e00fb25de0b8602e64c1714"},
    {file = "charset_normalizer-3.3.2-cp37-cp37m-manylinux_2_5_i686.manylinux1_i686.manylinux_2_17_i686.manylinux2014_i686.whl", hash = "sha256:0a55554a2fa0d408816b3b5cedf0045f4b8e1a6065aec45849de2d6f3f8e9786"},
    {file = "charset_normalizer-3.3.2-cp37-cp37m-musllinux_1_1_aarch64.whl", hash = "sha256:c083af607d2515612056a31f0a8d9e0fcb5876b7bfc0abad3ecd275bc4ebc2d5"},
    {file = "charset_normalizer-3.3.2-cp37-cp37m-musllinux_1_1_i686.whl", hash = "sha256:87d1351268731db79e0f8e745d92493ee2841c974128ef629dc518b937d9194c"},
    {file = "charset_normalizer-3.3.2-cp37-cp37m-musllinux_1_1_ppc64le.whl", hash = "sha256:bd8f7df7d12c2db9fab40bdd87a7c09b1530128315d047a086fa3ae3435cb3a8"},
    {file = "charset_normalizer-3.3.2-cp37-cp37m-musllinux_1_1_s390x.whl", hash = "sha256:c180f51afb394e165eafe4ac2936a14bee3eb10debc9d9e4db8958fe36afe711"},
    {file = "charset_normalizer-3.3.2-cp37-cp37m-musllinux_1_1_x86_64.whl", hash = "sha256:8c622a5fe39a48f78944a87d4fb8a53ee07344641b0562c540d840748571b811"},
    {file = "charset_normalizer-3.3.2-cp37-cp37m-win32.whl", hash = "sha256:db364eca23f876da6f9e16c9da0df51aa4f104a972735574842618b8c6d999d4"},
    {file = "charset_normalizer-3.3.2-cp37-cp37m-win_amd64.whl", hash = "sha256:86216b5cee4b06df986d214f664305142d9c76df9b6512be2738aa72a2048f99"},
    {file = "charset_normalizer-3.3.2-cp38-cp38-macosx_10_9_universal2.whl", hash = "sha256:6463effa3186ea09411d50efc7d85360b38d5f09b870c48e4600f63af490e56a"},
    {file = "charset_normalizer-3.3.2-cp38-cp38-macosx_10_9_x86_64.whl", hash = "sha256:6c4caeef8fa63d06bd437cd4bdcf3ffefe6738fb1b25951440d80dc7df8c03ac"},
    {file = "charset_normalizer-3.3.2-cp38-cp38-macosx_11_0_arm64.whl", hash = "sha256:37e55c8e51c236f95b033f6fb391d7d7970ba5fe7ff453dad675e88cf303377a"},
    {file = "charset_normalizer-3.3.2-cp38-cp38-manylinux_2_17_aarch64.manylinux2014_aarch64.whl", hash = "sha256:fb69256e180cb6c8a894fee62b3afebae785babc1ee98b81cdf68bbca1987f33"},
    {file = "charset_normalizer-3.3.2-cp38-cp38-manylinux_2_17_ppc64le.manylinux2014_ppc64le.whl", hash = "sha256:ae5f4161f18c61806f411a13b0310bea87f987c7d2ecdbdaad0e94eb2e404238"},
    {file = "charset_normalizer-3.3.2-cp38-cp38-manylinux_2_17_s390x.manylinux2014_s390x.whl", hash = "sha256:b2b0a0c0517616b6869869f8c581d4eb2dd83a4d79e0ebcb7d373ef9956aeb0a"},
    {file = "charset_normalizer-3.3.2-cp38-cp38-manylinux_2_17_x86_64.manylinux2014_x86_64.whl", hash = "sha256:45485e01ff4d3630ec0d9617310448a8702f70e9c01906b0d0118bdf9d124cf2"},
    {file = "charset_normalizer-3.3.2-cp38-cp38-manylinux_2_5_i686.manylinux1_i686.manylinux_2_17_i686.manylinux2014_i686.whl", hash = "sha256:eb00ed941194665c332bf8e078baf037d6c35d7c4f3102ea2d4f16ca94a26dc8"},
    {file = "charset_normalizer-3.3.2-cp38-cp38-musllinux_1_1_aarch64.whl", hash = "sha256:2127566c664442652f024c837091890cb1942c30937add288223dc895793f898"},
    {file = "charset_normalizer-3.3.2-cp38-cp38-musllinux_1_1_i686.whl", hash = "sha256:a50aebfa173e157099939b17f18600f72f84eed3049e743b68ad15bd69b6bf99"},
    {file = "charset_normalizer-3.3.2-cp38-cp38-musllinux_1_1_ppc64le.whl", hash = "sha256:4d0d1650369165a14e14e1e47b372cfcb31d6ab44e6e33cb2d4e57265290044d"},
    {file = "charset_normalizer-3.3.2-cp38-cp38-musllinux_1_1_s390x.whl", hash = "sha256:923c0c831b7cfcb071580d3f46c4baf50f174be571576556269530f4bbd79d04"},
    {file = "charset_normalizer-3.3.2-cp38-cp38-musllinux_1_1_x86_64.whl", hash = "sha256:06a81e93cd441c56a9b65d8e1d043daeb97a3d0856d177d5c90ba85acb3db087"},
    {file = "charset_normalizer-3.3.2-cp38-cp38-win32.whl", hash = "sha256:6ef1d82a3af9d3eecdba2321dc1b3c238245d890843e040e41e470ffa64c3e25"},
    {file = "charset_normalizer-3.3.2-cp38-cp38-win_amd64.whl", hash = "sha256:eb8821e09e916165e160797a6c17edda0679379a4be5c716c260e836e122f54b"},
    {file = "charset_normalizer-3.3.2-cp39-cp39-macosx_10_9_universal2.whl", hash = "sha256:c235ebd9baae02f1b77bcea61bce332cb4331dc3617d254df3323aa01ab47bd4"},
    {file = "charset_normalizer-3.3.2-cp39-cp39-macosx_10_9_x86_64.whl", hash = "sha256:5b4c145409bef602a690e7cfad0a15a55c13320ff7a3ad7ca59c13bb8ba4d45d"},
    {file = "charset_normalizer-3.3.2-cp39-cp39-macosx_11_0_arm64.whl", hash = "sha256:68d1f8a9e9e37c1223b656399be5d6b448dea850bed7d0f87a8311f1ff3dabb0"},
    {file = "charset_normalizer-3.3.2-cp39-cp39-manylinux_2_17_aarch64.manylinux2014_aarch64.whl", hash = "sha256:22afcb9f253dac0696b5a4be4a1c0f8762f8239e21b99680099abd9b2b1b2269"},
    {file = "charset_normalizer-3.3.2-cp39-cp39-manylinux_2_17_ppc64le.manylinux2014_ppc64le.whl", hash = "sha256:e27ad930a842b4c5eb8ac0016b0a54f5aebbe679340c26101df33424142c143c"},
    {file = "charset_normalizer-3.3.2-cp39-cp39-manylinux_2_17_s390x.manylinux2014_s390x.whl", hash = "sha256:1f79682fbe303db92bc2b1136016a38a42e835d932bab5b3b1bfcfbf0640e519"},
    {file = "charset_normalizer-3.3.2-cp39-cp39-manylinux_2_17_x86_64.manylinux2014_x86_64.whl", hash = "sha256:b261ccdec7821281dade748d088bb6e9b69e6d15b30652b74cbbac25e280b796"},
    {file = "charset_normalizer-3.3.2-cp39-cp39-manylinux_2_5_i686.manylinux1_i686.manylinux_2_17_i686.manylinux2014_i686.whl", hash = "sha256:122c7fa62b130ed55f8f285bfd56d5f4b4a5b503609d181f9ad85e55c89f4185"},
    {file = "charset_normalizer-3.3.2-cp39-cp39-musllinux_1_1_aarch64.whl", hash = "sha256:d0eccceffcb53201b5bfebb52600a5fb483a20b61da9dbc885f8b103cbe7598c"},
    {file = "charset_normalizer-3.3.2-cp39-cp39-musllinux_1_1_i686.whl", hash = "sha256:9f96df6923e21816da7e0ad3fd47dd8f94b2a5ce594e00677c0013018b813458"},
    {file = "charset_normalizer-3.3.2-cp39-cp39-musllinux_1_1_ppc64le.whl", hash = "sha256:7f04c839ed0b6b98b1a7501a002144b76c18fb1c1850c8b98d458ac269e26ed2"},
    {file = "charset_normalizer-3.3.2-cp39-cp39-musllinux_1_1_s390x.whl", hash = "sha256:34d1c8da1e78d2e001f363791c98a272bb734000fcef47a491c1e3b0505657a8"},
    {file = "charset_normalizer-3.3.2-cp39-cp39-musllinux_1_1_x86_64.whl", hash = "sha256:ff8fa367d09b717b2a17a052544193ad76cd49979c805768879cb63d9ca50561"},
    {file = "charset_normalizer-3.3.2-cp39-cp39-win32.whl", hash = "sha256:aed38f6e4fb3f5d6bf81bfa990a07806be9d83cf7bacef998ab1a9bd660a581f"},
    {file = "charset_normalizer-3.3.2-cp39-cp39-win_amd64.whl", hash = "sha256:b01b88d45a6fcb69667cd6d2f7a9aeb4bf53760d7fc536bf679ec94fe9f3ff3d"},
    {file = "charset_normalizer-3.3.2-py3-none-any.whl", hash = "sha256:3e4d1f6587322d2788836a99c69062fbb091331ec940e02d12d179c1d53e25fc"},
]

[[package]]
name = "idna"
version = "3.7"
description = "Internationalized Domain Names in Applications (IDNA)"
optional = false
python-versions = ">=3.5"
files = [
    {file = "idna-3.7-py3-none-any.whl", hash = "sha256:82fee1fc78add43492d3a1898bfa6d8a904cc97d8427f683ed8e798d07761aa0"},
    {file = "idna-3.7.tar.gz", hash = "sha256:028ff3aadf0609c1fd278d8ea3089299412a7a8b9bd005dd08b9f8285bcb5cfc"},
]

[[package]]
name = "macholib"
version = "1.16.3"
description = "Mach-O header analysis and editing"
optional = false
python-versions = "*"
files = [
    {file = "macholib-1.16.3-py2.py3-none-any.whl", hash = "sha256:0e315d7583d38b8c77e815b1ecbdbf504a8258d8b3e17b61165c6feb60d18f2c"},
    {file = "macholib-1.16.3.tar.gz", hash = "sha256:07ae9e15e8e4cd9a788013d81f5908b3609aa76f9b1421bae9c4d7606ec86a30"},
]

[package.dependencies]
altgraph = ">=0.17"

[[package]]
name = "packaging"
version = "24.1"
description = "Core utilities for Python packages"
optional = false
python-versions = ">=3.8"
files = [
    {file = "packaging-24.1-py3-none-any.whl", hash = "sha256:5b8f2217dbdbd2f7f384c41c628544e6d52f2d0f53c6d0c3ea61aa5d1d7ff124"},
    {file = "packaging-24.1.tar.gz", hash = "sha256:026ed72c8ed3fcce5bf8950572258698927fd1dbda10a5e981cdf0ac37f4f002"},
]

[[package]]
name = "pefile"
version = "2023.2.7"
description = "Python PE parsing module"
optional = false
python-versions = ">=3.6.0"
files = [
    {file = "pefile-2023.2.7-py3-none-any.whl", hash = "sha256:da185cd2af68c08a6cd4481f7325ed600a88f6a813bad9dea07ab3ef73d8d8d6"},
    {file = "pefile-2023.2.7.tar.gz", hash = "sha256:82e6114004b3d6911c77c3953e3838654b04511b8b66e8583db70c65998017dc"},
]

[[package]]
name = "pyinstaller"
version = "6.8.0"
description = "PyInstaller bundles a Python application and all its dependencies into a single package."
optional = false
python-versions = "<3.13,>=3.8"
files = [
    {file = "pyinstaller-6.8.0-py3-none-macosx_10_13_universal2.whl", hash = "sha256:5ff6bc2784c1026f8e2f04aa3760cbed41408e108a9d4cf1dd52ee8351a3f6e1"},
    {file = "pyinstaller-6.8.0-py3-none-manylinux2014_aarch64.whl", hash = "sha256:39ac424d2ee2457d2ab11a5091436e75a0cccae207d460d180aa1fcbbafdd528"},
    {file = "pyinstaller-6.8.0-py3-none-manylinux2014_i686.whl", hash = "sha256:355832a3acc7de90a255ecacd4b9f9e166a547a79c8905d49f14e3a75c1acdb9"},
    {file = "pyinstaller-6.8.0-py3-none-manylinux2014_ppc64le.whl", hash = "sha256:6303c7a009f47e6a96ef65aed49f41e36ece8d079b9193ca92fe807403e5fe80"},
    {file = "pyinstaller-6.8.0-py3-none-manylinux2014_s390x.whl", hash = "sha256:2b71509468c811968c0b5decb5bbe85b6292ea52d7b1f26313d2aabb673fa9a5"},
    {file = "pyinstaller-6.8.0-py3-none-manylinux2014_x86_64.whl", hash = "sha256:ff31c5b99e05a4384bbe2071df67ec8b2b347640a375eae9b40218be2f1754c6"},
    {file = "pyinstaller-6.8.0-py3-none-musllinux_1_1_aarch64.whl", hash = "sha256:000c36b13fe4cd8d0d8c2bc855b1ddcf39867b5adf389e6b5ca45b25fa3e619d"},
    {file = "pyinstaller-6.8.0-py3-none-musllinux_1_1_x86_64.whl", hash = "sha256:fe0af018d7d5077180e3144ada89a4da5df8d07716eb7e9482834a56dc57a4e8"},
    {file = "pyinstaller-6.8.0-py3-none-win32.whl", hash = "sha256:d257f6645c7334cbd66f38a4fac62c3ad614cc46302b2b5d9f8cc48c563bce0e"},
    {file = "pyinstaller-6.8.0-py3-none-win_amd64.whl", hash = "sha256:81cccfa9b16699b457f4788c5cc119b50f3cd4d0db924955f15c33f2ad27a50d"},
    {file = "pyinstaller-6.8.0-py3-none-win_arm64.whl", hash = "sha256:1c3060a263758cf7f0144ab4c016097b20451b2469d468763414665db1bb743d"},
    {file = "pyinstaller-6.8.0.tar.gz", hash = "sha256:3f4b6520f4423fe19bcc2fd63ab7238851ae2bdcbc98f25bc5d2f97cc62012e9"},
]

[package.dependencies]
altgraph = "*"
macholib = {version = ">=1.8", markers = "sys_platform == \"darwin\""}
packaging = ">=22.0"
pefile = {version = ">=2022.5.30", markers = "sys_platform == \"win32\""}
pyinstaller-hooks-contrib = ">=2024.6"
pywin32-ctypes = {version = ">=0.2.1", markers = "sys_platform == \"win32\""}
setuptools = ">=42.0.0"

[package.extras]
completion = ["argcomplete"]
hook-testing = ["execnet (>=1.5.0)", "psutil", "pytest (>=2.7.3)"]

[[package]]
name = "pyinstaller-hooks-contrib"
version = "2024.7"
description = "Community maintained hooks for PyInstaller"
optional = false
python-versions = ">=3.7"
files = [
    {file = "pyinstaller_hooks_contrib-2024.7-py2.py3-none-any.whl", hash = "sha256:8bf0775771fbaf96bcd2f4dfd6f7ae6c1dd1b1efe254c7e50477b3c08e7841d8"},
    {file = "pyinstaller_hooks_contrib-2024.7.tar.gz", hash = "sha256:fd5f37dcf99bece184e40642af88be16a9b89613ecb958a8bd1136634fc9fac5"},
]

[package.dependencies]
packaging = ">=22.0"
setuptools = ">=42.0.0"

[[package]]
name = "pyside6"
version = "6.7.2"
description = "Python bindings for the Qt cross-platform application and UI framework"
optional = false
python-versions = "<3.13,>=3.9"
files = [
    {file = "PySide6-6.7.2-cp39-abi3-macosx_11_0_universal2.whl", hash = "sha256:602debef9ec159b0db48f83b38a0e43e2dad3961f7d99f708d98620f04e9112b"},
    {file = "PySide6-6.7.2-cp39-abi3-manylinux_2_28_x86_64.whl", hash = "sha256:15e7696a09072ee977f6e6179ab1e48184953df8417bcaa83cfadf0b79747242"},
    {file = "PySide6-6.7.2-cp39-abi3-manylinux_2_31_aarch64.whl", hash = "sha256:6e0acb471535de303f56e3077aa86f53496b4de659b99ecce80520bcee508a63"},
    {file = "PySide6-6.7.2-cp39-abi3-win_amd64.whl", hash = "sha256:f73ae0de77d67f51ca3ce8207b12d3a5fa0107d3d5b6e4aeb3b53ee842b0927a"},
]

[package.dependencies]
PySide6-Addons = "6.7.2"
PySide6-Essentials = "6.7.2"
shiboken6 = "6.7.2"

[[package]]
name = "pyside6-addons"
version = "6.7.2"
description = "Python bindings for the Qt cross-platform application and UI framework (Addons)"
optional = false
python-versions = "<3.13,>=3.9"
files = [
    {file = "PySide6_Addons-6.7.2-cp39-abi3-macosx_11_0_universal2.whl", hash = "sha256:90b995efce61058d995c603ea480a9a3054fe8206739dcbc273fc3b53d40650f"},
    {file = "PySide6_Addons-6.7.2-cp39-abi3-manylinux_2_28_x86_64.whl", hash = "sha256:94b9bf6a2a4a7ac671e1776633e50d51326c86f4184f1c6e556f4dd5498fd52a"},
    {file = "PySide6_Addons-6.7.2-cp39-abi3-manylinux_2_31_aarch64.whl", hash = "sha256:22979b1aa09d9cf1d7a86c8a9aa0cb4791d6bd1cc94f96c5b6780c5ef8a9e34e"},
    {file = "PySide6_Addons-6.7.2-cp39-abi3-win_amd64.whl", hash = "sha256:ebf549eb25998665d8e4ec24014fbbd37bebc5ecdcb050b34db1e1c03e1bf81d"},
]

[package.dependencies]
PySide6-Essentials = "6.7.2"
shiboken6 = "6.7.2"

[[package]]
name = "pyside6-essentials"
version = "6.7.2"
description = "Python bindings for the Qt cross-platform application and UI framework (Essentials)"
optional = false
python-versions = "<3.13,>=3.9"
files = [
    {file = "PySide6_Essentials-6.7.2-cp39-abi3-macosx_11_0_universal2.whl", hash = "sha256:4d13666e796ec140ecfb432c4f3d7baef6dfafc11929985a83b22c0025532fb7"},
    {file = "PySide6_Essentials-6.7.2-cp39-abi3-manylinux_2_28_x86_64.whl", hash = "sha256:a1a4c09f1e916b9cfe53151fe4a503a6acb1f6621ba28204d1bfe636f80d6780"},
    {file = "PySide6_Essentials-6.7.2-cp39-abi3-manylinux_2_31_aarch64.whl", hash = "sha256:9135513e1c4c6e2fbb1e4f9afcb3d42e54708b0d9ed870cb3213ea4874cafa1e"},
    {file = "PySide6_Essentials-6.7.2-cp39-abi3-win_amd64.whl", hash = "sha256:0111d5fa8cf826de3ca9d82fed54726cce116d57f454f88a6467578652032d69"},
]

[package.dependencies]
shiboken6 = "6.7.2"

[[package]]
name = "pywin32-ctypes"
version = "0.2.2"
description = "A (partial) reimplementation of pywin32 using ctypes/cffi"
optional = false
python-versions = ">=3.6"
files = [
    {file = "pywin32-ctypes-0.2.2.tar.gz", hash = "sha256:3426e063bdd5fd4df74a14fa3cf80a0b42845a87e1d1e81f6549f9daec593a60"},
    {file = "pywin32_ctypes-0.2.2-py3-none-any.whl", hash = "sha256:bf490a1a709baf35d688fe0ecf980ed4de11d2b3e37b51e5442587a75d9957e7"},
]

[[package]]
name = "requests"
version = "2.32.3"
description = "Python HTTP for Humans."
optional = false
python-versions = ">=3.8"
files = [
    {file = "requests-2.32.3-py3-none-any.whl", hash = "sha256:70761cfe03c773ceb22aa2f671b4757976145175cdfca038c02654d061d6dcc6"},
    {file = "requests-2.32.3.tar.gz", hash = "sha256:55365417734eb18255590a9ff9eb97e9e1da868d4ccd6402399eaf68af20a760"},
]

[package.dependencies]
certifi = ">=2017.4.17"
charset-normalizer = ">=2,<4"
idna = ">=2.5,<4"
urllib3 = ">=1.21.1,<3"

[package.extras]
socks = ["PySocks (>=1.5.6,!=1.5.7)"]
use-chardet-on-py3 = ["chardet (>=3.0.2,<6)"]

[[package]]
name = "rookiepy"
version = "0.5.2"
description = "Load cookies from any browser on any platform"
optional = false
python-versions = ">=3.7"
files = [
    {file = "rookiepy-0.5.2-cp310-cp310-macosx_10_12_x86_64.whl", hash = "sha256:abefe637efb252200888e7b703cbfaa3c419ce22f45a1de1fdf46f7f9156dcd6"},
    {file = "rookiepy-0.5.2-cp310-cp310-macosx_11_0_arm64.whl", hash = "sha256:39f38ad3206f9c43c575dd64d79e293b9d5021523cd7b2aa4a1ddd4d078ab14f"},
    {file = "rookiepy-0.5.2-cp310-cp310-manylinux_2_17_aarch64.manylinux2014_aarch64.whl", hash = "sha256:cff8df2ea6e2057cb95ab46efb5581ffe590dc319924ca812e2196d4f0dd88e7"},
    {file = "rookiepy-0.5.2-cp310-cp310-manylinux_2_17_armv7l.manylinux2014_armv7l.whl", hash = "sha256:fc65ff74ea6dda232cce8f02408990cf3e2a346ccf0b2b76bb752c06b98b2e13"},
    {file = "rookiepy-0.5.2-cp310-cp310-manylinux_2_17_i686.manylinux2014_i686.whl", hash = "sha256:7895c707d8e3a9ce8aa00eca8151454b71d2f912379c99f4cf832e271dbd1c45"},
    {file = "rookiepy-0.5.2-cp310-cp310-manylinux_2_17_ppc64le.manylinux2014_ppc64le.whl", hash = "sha256:afb9dba528e48d8b5dc0f4ad96f2b1f072ebd51897b117015981422918ca51d1"},
    {file = "rookiepy-0.5.2-cp310-cp310-manylinux_2_17_s390x.manylinux2014_s390x.whl", hash = "sha256:885dcc0d538e9c24b863ea2c77c064c838b272fe7f644530bd06135baa5a6c2e"},
    {file = "rookiepy-0.5.2-cp310-cp310-manylinux_2_17_x86_64.manylinux2014_x86_64.whl", hash = "sha256:7fff67df5e513aca5b7cacc9c938fc702657313a876bf880dda246079805e404"},
    {file = "rookiepy-0.5.2-cp310-none-win32.whl", hash = "sha256:578bd1a42739131dd1877c5cd2b8c195634ab1ce9512d8c6d48b537f45dc4aee"},
    {file = "rookiepy-0.5.2-cp310-none-win_amd64.whl", hash = "sha256:15e1546e33b6633385c2499d393c1ae1d89a8b0d3b01451e2cd6803c83988a55"},
    {file = "rookiepy-0.5.2-cp311-cp311-macosx_10_12_x86_64.whl", hash = "sha256:efb3dd4d5da40c7341e9d81f85402ec49049affb6ca980f9ed628014e1cd4620"},
    {file = "rookiepy-0.5.2-cp311-cp311-macosx_11_0_arm64.whl", hash = "sha256:809cdb826163160ef14c0293762a67c9bd2019299d6eb81124a2d6d6438ef401"},
    {file = "rookiepy-0.5.2-cp311-cp311-manylinux_2_17_aarch64.manylinux2014_aarch64.whl", hash = "sha256:fb3f3795811d93cc58d3f3758b73590116d9fcfee64cdd2e28dbf67029c93677"},
    {file = "rookiepy-0.5.2-cp311-cp311-manylinux_2_17_armv7l.manylinux2014_armv7l.whl", hash = "sha256:f7cc74cda4468dcbd7acb42ff65e7fe25728cd003ac47d26fb4dd6479c5c803d"},
    {file = "rookiepy-0.5.2-cp311-cp311-manylinux_2_17_i686.manylinux2014_i686.whl", hash = "sha256:198368319143860f3009f28eb319cf0c7b2029fa02b20013aed98e2381cfc358"},
    {file = "rookiepy-0.5.2-cp311-cp311-manylinux_2_17_ppc64le.manylinux2014_ppc64le.whl", hash = "sha256:1301b316b92a49ff675551899581c60279972757acca491221c335b87a29a4ba"},
    {file = "rookiepy-0.5.2-cp311-cp311-manylinux_2_17_s390x.manylinux2014_s390x.whl", hash = "sha256:1051020345c4b5f38cb74e28bbdae42d7fa12edc3f48aa8707988dc5cdd571ab"},
    {file = "rookiepy-0.5.2-cp311-cp311-manylinux_2_17_x86_64.manylinux2014_x86_64.whl", hash = "sha256:647d1c52b2d310bd7d66abb5ea688b0b0b24bf48d1545edc9d97bebbdf0a9566"},
    {file = "rookiepy-0.5.2-cp311-none-win32.whl", hash = "sha256:4a5e8d9ea8be60085f86262928c176ff3b4d3cbfeeeb51a0bd43d1ab8ed0ec9b"},
    {file = "rookiepy-0.5.2-cp311-none-win_amd64.whl", hash = "sha256:821c5b71043c1b63cb688d83bec72f19a802cfe3d5d8715f39b61f10d975bb52"},
    {file = "rookiepy-0.5.2-cp312-cp312-macosx_10_12_x86_64.whl", hash = "sha256:12cf98c0a8a7ba32ecd55d831fa7681e8ac265bec0556072dc7916cb919f134f"},
    {file = "rookiepy-0.5.2-cp312-cp312-macosx_11_0_arm64.whl", hash = "sha256:58606019df4352e27999f92c3434d9cb838649b41aadef34338736590b230cc5"},
    {file = "rookiepy-0.5.2-cp312-cp312-manylinux_2_17_aarch64.manylinux2014_aarch64.whl", hash = "sha256:93e1594851f9e73d5da55c071b25e9e9f5d6f77a43e7a03f461dfd2a95252533"},
    {file = "rookiepy-0.5.2-cp312-cp312-manylinux_2_17_armv7l.manylinux2014_armv7l.whl", hash = "sha256:e915e6d67aa2ac7d2ff61e745f9f3e78b39ca2371bb6657b776abcbc29de878b"},
    {file = "rookiepy-0.5.2-cp312-cp312-manylinux_2_17_i686.manylinux2014_i686.whl", hash = "sha256:194f33708e618e3e8179a81cc95d57658327345536ca71e8c4d1086276b89fb8"},
    {file = "rookiepy-0.5.2-cp312-cp312-manylinux_2_17_ppc64le.manylinux2014_ppc64le.whl", hash = "sha256:47f0410c649e6dfa03ac91211a84c2b2557938e640cb905a7ae9f77981ee6313"},
    {file = "rookiepy-0.5.2-cp312-cp312-manylinux_2_17_s390x.manylinux2014_s390x.whl", hash = "sha256:87d1ab53fc9ee2dd3129d75be15a02570dee773c758d0e526197fa4840d19469"},
    {file = "rookiepy-0.5.2-cp312-cp312-manylinux_2_17_x86_64.manylinux2014_x86_64.whl", hash = "sha256:227bad63908cbb59f8501c8733f48886ff21c8ded16c17f2d0e0c350547f382c"},
    {file = "rookiepy-0.5.2-cp312-none-win32.whl", hash = "sha256:2cdee131bf2e23e845a24dc6282ec40aa09e8f469411eafd34d4735d36bb6430"},
    {file = "rookiepy-0.5.2-cp312-none-win_amd64.whl", hash = "sha256:df7e3991222fe9be9f4145a946ae8ace8acfc229c2ef5936bd83e1e31d3153c5"},
    {file = "rookiepy-0.5.2-cp37-cp37m-manylinux_2_17_aarch64.manylinux2014_aarch64.whl", hash = "sha256:b5a45ac4a7914bc1c41faf89efe802bf49c8359d0cf3ca1d19fec4757fab9825"},
    {file = "rookiepy-0.5.2-cp37-cp37m-manylinux_2_17_armv7l.manylinux2014_armv7l.whl", hash = "sha256:4f1226f0391cbb075698651a4bc0eb08deb63dbe919955e4e0379922aecfc091"},
    {file = "rookiepy-0.5.2-cp37-cp37m-manylinux_2_17_i686.manylinux2014_i686.whl", hash = "sha256:0c0c7d9251ba3436a8c81d5ed2e544ad7377ff78883ded2c0fe40735a1a0eb25"},
    {file = "rookiepy-0.5.2-cp37-cp37m-manylinux_2_17_ppc64le.manylinux2014_ppc64le.whl", hash = "sha256:7f472c5137430b7b6dfdebcfb3abb4e73fc21d7f32101bb35b2c0b05310e8b30"},
    {file = "rookiepy-0.5.2-cp37-cp37m-manylinux_2_17_s390x.manylinux2014_s390x.whl", hash = "sha256:a4c4b031102f524041ead96e7c8b9fa6b02bbbfeafcc288dc277abfa4066a2de"},
    {file = "rookiepy-0.5.2-cp37-cp37m-manylinux_2_17_x86_64.manylinux2014_x86_64.whl", hash = "sha256:2420a9d419e2746866611471a4fa864dbf57f77eb31d342fb969fc53351fd3da"},
    {file = "rookiepy-0.5.2-cp37-none-win32.whl", hash = "sha256:bd5cb68b0ae929a760c2c25519f31fc8412facd9595df2b936d61aca84129994"},
    {file = "rookiepy-0.5.2-cp37-none-win_amd64.whl", hash = "sha256:e95759cc52ad617ec527b91d5f91ec37955b394c41238c981a33997858c50d83"},
    {file = "rookiepy-0.5.2-cp38-cp38-manylinux_2_17_aarch64.manylinux2014_aarch64.whl", hash = "sha256:0615494f6b0c5c0398ded136a632815282fd8a1e39b9f5073756c89d5f5e035f"},
    {file = "rookiepy-0.5.2-cp38-cp38-manylinux_2_17_armv7l.manylinux2014_armv7l.whl", hash = "sha256:d3d3671d4d1a7e4d7ffe9c4fb13bbe03d6d13d193d9c36f2230a8d6b98eec55e"},
    {file = "rookiepy-0.5.2-cp38-cp38-manylinux_2_17_i686.manylinux2014_i686.whl", hash = "sha256:58b06f93f89b623a58fa20cc6569fbbc82f1448650e2c5647cf656ef42256642"},
    {file = "rookiepy-0.5.2-cp38-cp38-manylinux_2_17_ppc64le.manylinux2014_ppc64le.whl", hash = "sha256:284536a8374e2e8d2ff1a55d2536d52c3396975e6dd5556f15c4fe621cd19a00"},
    {file = "rookiepy-0.5.2-cp38-cp38-manylinux_2_17_s390x.manylinux2014_s390x.whl", hash = "sha256:ade517f5378b861623c3b5b6c481c05c207e729e3bff92c582bd88c660bd4ad7"},
    {file = "rookiepy-0.5.2-cp38-cp38-manylinux_2_17_x86_64.manylinux2014_x86_64.whl", hash = "sha256:0f2f3b94a8731edc1081a141bcbf3afa3bc4b9fa5d625080beff66f3141bbdbc"},
    {file = "rookiepy-0.5.2-cp38-none-win32.whl", hash = "sha256:3ace2592a1546387c5fdc5014b91b186fd8759b396db76791384304b26a60ef4"},
    {file = "rookiepy-0.5.2-cp38-none-win_amd64.whl", hash = "sha256:294806c1635e2f6aaf5c93379a79fd228e4246968d6d6f61add360f1af20c63b"},
    {file = "rookiepy-0.5.2-cp39-cp39-macosx_10_12_x86_64.whl", hash = "sha256:52f52fd04ce133aa6ca713c2828fd7388b8f061b872b3b8dbd0c921c9762845b"},
    {file = "rookiepy-0.5.2-cp39-cp39-macosx_11_0_arm64.whl", hash = "sha256:2cb73f9ade16d8263406f3b990a58a34f8603c2cd35d3ba404517b810be2ac7e"},
    {file = "rookiepy-0.5.2-cp39-cp39-manylinux_2_17_aarch64.manylinux2014_aarch64.whl", hash = "sha256:201ae7b4450978c8366073ac710c39dbc78eff6596c9ab0b6045999503db7e95"},
    {file = "rookiepy-0.5.2-cp39-cp39-manylinux_2_17_armv7l.manylinux2014_armv7l.whl", hash = "sha256:f608a5787f840b3da99b566670dc807a99566c230b2ddeace93efa76a20958ae"},
    {file = "rookiepy-0.5.2-cp39-cp39-manylinux_2_17_i686.manylinux2014_i686.whl", hash = "sha256:cd1c411a344683db05bd257e466c47be5de615864b4711f8c4bd438c5151be26"},
    {file = "rookiepy-0.5.2-cp39-cp39-manylinux_2_17_ppc64le.manylinux2014_ppc64le.whl", hash = "sha256:f4fa9ef7cb74f26270652e76aa52829b6f6fe013f6ed460bcd71c63ff9e5cb87"},
    {file = "rookiepy-0.5.2-cp39-cp39-manylinux_2_17_s390x.manylinux2014_s390x.whl", hash = "sha256:fec73980f958e644d27f7e2124ffd24ddf42b4f765097e4cf21800560de996a0"},
    {file = "rookiepy-0.5.2-cp39-cp39-manylinux_2_17_x86_64.manylinux2014_x86_64.whl", hash = "sha256:6da8e74bbbfdbcf0eea971b9ceb1b74636a91bc6ac5e481e1e9c54843e42fa11"},
    {file = "rookiepy-0.5.2-cp39-none-win32.whl", hash = "sha256:7e637a63e176dc39a84eafbb6187655c254b2a0a5bb3d15cedce90f4909d11c2"},
    {file = "rookiepy-0.5.2-cp39-none-win_amd64.whl", hash = "sha256:095facd93ff02519406d5e1d7260c13266116b360cc1943139690001361e55ee"},
    {file = "rookiepy-0.5.2-pp310-pypy310_pp73-manylinux_2_17_aarch64.manylinux2014_aarch64.whl", hash = "sha256:71f2625482f83b9c9030a73664ffc27d646d8ae4eaf9f81720e8757d0f3bf292"},
    {file = "rookiepy-0.5.2-pp310-pypy310_pp73-manylinux_2_17_armv7l.manylinux2014_armv7l.whl", hash = "sha256:8a7aa9ec814d1a54f7f8294dff1c159009cb4647999390fcab56a70e6e322e21"},
    {file = "rookiepy-0.5.2-pp310-pypy310_pp73-manylinux_2_17_i686.manylinux2014_i686.whl", hash = "sha256:16ea918392f6f97dfb1cf4c58cddbcb64cf77fe89e7f6808c1a84334b9e12e46"},
    {file = "rookiepy-0.5.2-pp310-pypy310_pp73-manylinux_2_17_ppc64le.manylinux2014_ppc64le.whl", hash = "sha256:2639cf8766fabb07aec439c0516370307fa35aab34559b5e68a3aea94475d398"},
    {file = "rookiepy-0.5.2-pp310-pypy310_pp73-manylinux_2_17_s390x.manylinux2014_s390x.whl", hash = "sha256:5c8e30c9b70049424f0e40d799362f9f39d04a9944556b2ac5f0df40b5572347"},
    {file = "rookiepy-0.5.2-pp310-pypy310_pp73-manylinux_2_17_x86_64.manylinux2014_x86_64.whl", hash = "sha256:9286ec692aba73510f5524318483f78e34a0b6df5fbdc293270c17e85375eb9a"},
    {file = "rookiepy-0.5.2-pp37-pypy37_pp73-manylinux_2_17_aarch64.manylinux2014_aarch64.whl", hash = "sha256:d6f651df9a8a438c6853c4589cbf85f0b83405ff98eca11a922c6c1e9b090c7d"},
    {file = "rookiepy-0.5.2-pp37-pypy37_pp73-manylinux_2_17_armv7l.manylinux2014_armv7l.whl", hash = "sha256:9bf50e4ad9128709ca7f7f3f1de4d2dc8e52a9dc3674cd6fe24c0036455263d9"},
    {file = "rookiepy-0.5.2-pp37-pypy37_pp73-manylinux_2_17_ppc64le.manylinux2014_ppc64le.whl", hash = "sha256:39f0be44321b373b7ad1cbb1b707b22ff017c140f596b33cd60606daf9b846e5"},
    {file = "rookiepy-0.5.2-pp37-pypy37_pp73-manylinux_2_17_s390x.manylinux2014_s390x.whl", hash = "sha256:899d342a39e6492ce0f4f7b95cda101e1c47f65ba94fbbbba533ef3cbed8d8e0"},
    {file = "rookiepy-0.5.2-pp38-pypy38_pp73-manylinux_2_17_aarch64.manylinux2014_aarch64.whl", hash = "sha256:9a47b8659c16c32e971f819d0d491149f9e23df54eb7a36992e7810979512560"},
    {file = "rookiepy-0.5.2-pp38-pypy38_pp73-manylinux_2_17_armv7l.manylinux2014_armv7l.whl", hash = "sha256:3778a287f225e0a71029b8be39ad0e43473ce43d0970047800ff9c2288debac7"},
    {file = "rookiepy-0.5.2-pp38-pypy38_pp73-manylinux_2_17_ppc64le.manylinux2014_ppc64le.whl", hash = "sha256:bfeb12a9b89dfba74d68d2bbe3a5d22e518e93e0fc8a885c708ba16e99cf7d94"},
    {file = "rookiepy-0.5.2-pp38-pypy38_pp73-manylinux_2_17_s390x.manylinux2014_s390x.whl", hash = "sha256:fc2c750b87a7e98969d4295e9fc5d3b3174e16c15884ba8a988019489c58abc1"},
    {file = "rookiepy-0.5.2-pp39-pypy39_pp73-manylinux_2_17_aarch64.manylinux2014_aarch64.whl", hash = "sha256:7348667c41a4aa0cd9c111fe418f8013846bbd2f35d5383fb7be7b50ed261c43"},
    {file = "rookiepy-0.5.2-pp39-pypy39_pp73-manylinux_2_17_armv7l.manylinux2014_armv7l.whl", hash = "sha256:c274fc0dd2ff583b974c6fe98b8d19a1d9b601875b01772b706ce582e0b6a655"},
    {file = "rookiepy-0.5.2-pp39-pypy39_pp73-manylinux_2_17_i686.manylinux2014_i686.whl", hash = "sha256:48e2034aa642e06313f9e4e0a8a591f15d7d72a648d2ce9f156ccd7580eddfdf"},
    {file = "rookiepy-0.5.2-pp39-pypy39_pp73-manylinux_2_17_ppc64le.manylinux2014_ppc64le.whl", hash = "sha256:80f5672050e58c7310cc59adc16d2ff5f4d325d79f572a4e653de37bec803da7"},
    {file = "rookiepy-0.5.2-pp39-pypy39_pp73-manylinux_2_17_s390x.manylinux2014_s390x.whl", hash = "sha256:41e85cab24a8fb2404106aa777a3a84fc691cb2a761e3bde898b5e0f30255026"},
    {file = "rookiepy-0.5.2-pp39-pypy39_pp73-manylinux_2_17_x86_64.manylinux2014_x86_64.whl", hash = "sha256:b92961605a0bb12375ed97381d125dd2506c91b1ab5cccfe072c1097307d93bf"},
    {file = "rookiepy-0.5.2.tar.gz", hash = "sha256:a5050075199805cc7352a34da3366d62cbd0736729a8e198716275982f7491a4"},
]

[[package]]
name = "setuptools"
version = "70.2.0"
description = "Easily download, build, install, upgrade, and uninstall Python packages"
optional = false
python-versions = ">=3.8"
files = [
    {file = "setuptools-70.2.0-py3-none-any.whl", hash = "sha256:b8b8060bb426838fbe942479c90296ce976249451118ef566a5a0b7d8b78fb05"},
    {file = "setuptools-70.2.0.tar.gz", hash = "sha256:bd63e505105011b25c3c11f753f7e3b8465ea739efddaccef8f0efac2137bac1"},
]

[package.extras]
doc = ["furo", "jaraco.packaging (>=9.3)", "jaraco.tidelift (>=1.4)", "pygments-github-lexers (==0.0.5)", "pyproject-hooks (!=1.1)", "rst.linker (>=1.9)", "sphinx (>=3.5)", "sphinx-favicon", "sphinx-inline-tabs", "sphinx-lint", "sphinx-notfound-page (>=1,<2)", "sphinx-reredirects", "sphinxcontrib-towncrier"]
test = ["build[virtualenv] (>=1.0.3)", "filelock (>=3.4.0)", "importlib-metadata", "ini2toml[lite] (>=0.14)", "jaraco.develop (>=7.21)", "jaraco.envs (>=2.2)", "jaraco.path (>=3.2.0)", "jaraco.test", "mypy (==1.10.0)", "packaging (>=23.2)", "pip (>=19.1)", "pyproject-hooks (!=1.1)", "pytest (>=6,!=8.1.*)", "pytest-checkdocs (>=2.4)", "pytest-cov", "pytest-enabler (>=2.2)", "pytest-home (>=0.5)", "pytest-mypy", "pytest-perf", "pytest-ruff (>=0.3.2)", "pytest-subprocess", "pytest-timeout", "pytest-xdist (>=3)", "tomli", "tomli-w (>=1.0.0)", "virtualenv (>=13.0.0)", "wheel"]

[[package]]
name = "shiboken6"
version = "6.7.2"
description = "Python/C++ bindings helper module"
optional = false
python-versions = "<3.13,>=3.9"
files = [
    {file = "shiboken6-6.7.2-cp39-abi3-macosx_11_0_universal2.whl", hash = "sha256:50c33ac6317b673a1eb97a9abaafccb162c4ba0c9ca658a8e449c49a8aadc379"},
    {file = "shiboken6-6.7.2-cp39-abi3-manylinux_2_28_x86_64.whl", hash = "sha256:70e80737b27cd5d83504b373013b55e70462bd4a27217d919ff9a83958731990"},
    {file = "shiboken6-6.7.2-cp39-abi3-manylinux_2_31_aarch64.whl", hash = "sha256:98bedf9a15f1d8ba1af3e4d1e7527f7946ce36da541e08074fd9dc9ab5ff1adf"},
    {file = "shiboken6-6.7.2-cp39-abi3-win_amd64.whl", hash = "sha256:9024e6afb2af1568ebfc8a5d07e4ff6c8829f40923eeb28901f535463e2b6b65"},
]

[[package]]
name = "urllib3"
version = "2.2.2"
description = "HTTP library with thread-safe connection pooling, file post, and more."
optional = false
python-versions = ">=3.8"
files = [
    {file = "urllib3-2.2.2-py3-none-any.whl", hash = "sha256:a448b2f64d686155468037e1ace9f2d2199776e17f0a46610480d311f73e3472"},
    {file = "urllib3-2.2.2.tar.gz", hash = "sha256:dd505485549a7a552833da5e6063639d0d177c04f23bc3864e41e5dc5f612168"},
]

[package.extras]
brotli = ["brotli (>=1.0.9)", "brotlicffi (>=0.8.0)"]
h2 = ["h2 (>=4,<5)"]
socks = ["pysocks (>=1.5.6,!=1.5.7,<2.0)"]
zstd = ["zstandard (>=0.18.0)"]

[metadata]
lock-version = "2.0"
python-versions = "^3.11,<3.13"
content-hash = "12ee7995397b634be49ebde37cd87b3c906a93e5e1ff5afa7838bf2403baedc2"
